
Microsoft Visual Studio Solution File, Format Version 12.00
# Visual Studio Version 16
VisualStudioVersion = 16.0.30523.141
MinimumVisualStudioVersion = 10.0.40219.1
Project("{FAE04EC0-301F-11D3-BF4B-00C04F79EFBC}") = "Final_th1", "Final_th1.csproj", "{2425D22D-666D-4773-8554-842BAFC7AAAC}"
EndProject
Global
	GlobalSection(SolutionConfigurationPlatforms) = preSolution
		Debug|Any CPU = Debug|Any CPU
		Release|Any CPU = Release|Any CPU
	EndGlobalSection
	GlobalSection(ProjectConfigurationPlatforms) = postSolution
		{2425D22D-666D-4773-8554-842BAFC7AAAC}.Debug|Any CPU.ActiveCfg = Debug|Any CPU
		{2425D22D-666D-4773-8554-842BAFC7AAAC}.Debug|Any CPU.Build.0 = Debug|Any CPU
		{2425D22D-666D-4773-8554-842BAFC7AAAC}.Release|Any CPU.ActiveCfg = Release|Any CPU
		{2425D22D-666D-4773-8554-842BAFC7AAAC}.Release|Any CPU.Build.0 = Release|Any CPU
	EndGlobalSection
	GlobalSection(SolutionProperties) = preSolution
		HideSolutionNode = FALSE
	EndGlobalSection
	GlobalSection(ExtensibilityGlobals) = postSolution
		SolutionGuid = {CD1E82CC-63DE-43CD-BB96-3B2797F40D34}
	EndGlobalSection
EndGlobal
